
Microsoft Visual Studio Solution File, Format Version 12.00
# Visual Studio Version 17
VisualStudioVersion = 17.14.36518.9 d17.14
MinimumVisualStudioVersion = 10.0.40219.1
Project("{FAE04EC0-301F-11D3-BF4B-00C04F79EFBC}") = "Project 4 — “Salalah Sports League”", "Project 4 — “Salalah Sports League”\Project 4 — “Salalah Sports League”.csproj", "{20BF48A2-9FB2-49C6-AFF8-ED3F10DF5A15}"
EndProject
Global
	GlobalSection(SolutionConfigurationPlatforms) = preSolution
		Debug|Any CPU = Debug|Any CPU
		Release|Any CPU = Release|Any CPU
	EndGlobalSection
	GlobalSection(ProjectConfigurationPlatforms) = postSolution
		{20BF48A2-9FB2-49C6-AFF8-ED3F10DF5A15}.Debug|Any CPU.ActiveCfg = Debug|Any CPU
		{20BF48A2-9FB2-49C6-AFF8-ED3F10DF5A15}.Debug|Any CPU.Build.0 = Debug|Any CPU
		{20BF48A2-9FB2-49C6-AFF8-ED3F10DF5A15}.Release|Any CPU.ActiveCfg = Release|Any CPU
		{20BF48A2-9FB2-49C6-AFF8-ED3F10DF5A15}.Release|Any CPU.Build.0 = Release|Any CPU
	EndGlobalSection
	GlobalSection(SolutionProperties) = preSolution
		HideSolutionNode = FALSE
	EndGlobalSection
	GlobalSection(ExtensibilityGlobals) = postSolution
		SolutionGuid = {8E590F2E-4A7A-45E8-9060-D38EF332DD31}
	EndGlobalSection
EndGlobal
